
Microsoft Visual Studio Solution File, Format Version 12.00
# Visual Studio Version 17
VisualStudioVersion = 17.11.35327.3
MinimumVisualStudioVersion = 10.0.40219.1
Project("{FAE04EC0-301F-11D3-BF4B-00C04F79EFBC}") = "ejDifferentContainers", "ejDifferentContainers\ejDifferentContainers.csproj", "{A2FD8C40-840C-4819-ADF5-505A8882477A}"
EndProject
Global
	GlobalSection(SolutionConfigurationPlatforms) = preSolution
		Debug|Any CPU = Debug|Any CPU
		Release|Any CPU = Release|Any CPU
	EndGlobalSection
	GlobalSection(ProjectConfigurationPlatforms) = postSolution
		{A2FD8C40-840C-4819-ADF5-505A8882477A}.Debug|Any CPU.ActiveCfg = Debug|Any CPU
		{A2FD8C40-840C-4819-ADF5-505A8882477A}.Debug|Any CPU.Build.0 = Debug|Any CPU
		{A2FD8C40-840C-4819-ADF5-505A8882477A}.Release|Any CPU.ActiveCfg = Release|Any CPU
		{A2FD8C40-840C-4819-ADF5-505A8882477A}.Release|Any CPU.Build.0 = Release|Any CPU
	EndGlobalSection
	GlobalSection(SolutionProperties) = preSolution
		HideSolutionNode = FALSE
	EndGlobalSection
	GlobalSection(ExtensibilityGlobals) = postSolution
		SolutionGuid = {8274E142-A03A-4434-9A25-964E260EB210}
	EndGlobalSection
EndGlobal
