
Microsoft Visual Studio Solution File, Format Version 12.00
# Visual Studio Version 17
VisualStudioVersion = 17.11.35303.130
MinimumVisualStudioVersion = 10.0.40219.1
Project("{FAE04EC0-301F-11D3-BF4B-00C04F79EFBC}") = "MarioBros", "MarioBros.csproj", "{B07C4916-A286-4EB3-AA5B-55828663E853}"
EndProject
Global
	GlobalSection(SolutionConfigurationPlatforms) = preSolution
		Debug|Any CPU = Debug|Any CPU
		Release|Any CPU = Release|Any CPU
	EndGlobalSection
	GlobalSection(ProjectConfigurationPlatforms) = postSolution
		{B07C4916-A286-4EB3-AA5B-55828663E853}.Debug|Any CPU.ActiveCfg = Debug|Any CPU
		{B07C4916-A286-4EB3-AA5B-55828663E853}.Debug|Any CPU.Build.0 = Debug|Any CPU
		{B07C4916-A286-4EB3-AA5B-55828663E853}.Release|Any CPU.ActiveCfg = Release|Any CPU
		{B07C4916-A286-4EB3-AA5B-55828663E853}.Release|Any CPU.Build.0 = Release|Any CPU
	EndGlobalSection
	GlobalSection(SolutionProperties) = preSolution
		HideSolutionNode = FALSE
	EndGlobalSection
	GlobalSection(ExtensibilityGlobals) = postSolution
		SolutionGuid = {2500522B-C0DD-44CC-94AD-D453A4935A57}
	EndGlobalSection
EndGlobal
