
Microsoft Visual Studio Solution File, Format Version 12.00
# Visual Studio Version 17
VisualStudioVersion = 17.11.35327.3
MinimumVisualStudioVersion = 10.0.40219.1
Project("{FAE04EC0-301F-11D3-BF4B-00C04F79EFBC}") = "TablaUsuarios", "TablaUsuarios\TablaUsuarios.csproj", "{E81FD4CD-7109-49B0-BD81-9802B5EAEE29}"
EndProject
Global
	GlobalSection(SolutionConfigurationPlatforms) = preSolution
		Debug|Any CPU = Debug|Any CPU
		Release|Any CPU = Release|Any CPU
	EndGlobalSection
	GlobalSection(ProjectConfigurationPlatforms) = postSolution
		{E81FD4CD-7109-49B0-BD81-9802B5EAEE29}.Debug|Any CPU.ActiveCfg = Debug|Any CPU
		{E81FD4CD-7109-49B0-BD81-9802B5EAEE29}.Debug|Any CPU.Build.0 = Debug|Any CPU
		{E81FD4CD-7109-49B0-BD81-9802B5EAEE29}.Release|Any CPU.ActiveCfg = Release|Any CPU
		{E81FD4CD-7109-49B0-BD81-9802B5EAEE29}.Release|Any CPU.Build.0 = Release|Any CPU
	EndGlobalSection
	GlobalSection(SolutionProperties) = preSolution
		HideSolutionNode = FALSE
	EndGlobalSection
	GlobalSection(ExtensibilityGlobals) = postSolution
		SolutionGuid = {A1C541BB-713B-410D-A619-49F83FC0ACF7}
	EndGlobalSection
EndGlobal
