
Microsoft Visual Studio Solution File, Format Version 12.00
# Visual Studio Version 17
VisualStudioVersion = 17.11.35327.3
MinimumVisualStudioVersion = 10.0.40219.1
Project("{FAE04EC0-301F-11D3-BF4B-00C04F79EFBC}") = "MarioBrosGrafico", "MarioBrosGrafico\MarioBrosGrafico.csproj", "{FA16D362-B1CC-45E3-B442-4D94F78D80A7}"
EndProject
Global
	GlobalSection(SolutionConfigurationPlatforms) = preSolution
		Debug|Any CPU = Debug|Any CPU
		Release|Any CPU = Release|Any CPU
	EndGlobalSection
	GlobalSection(ProjectConfigurationPlatforms) = postSolution
		{FA16D362-B1CC-45E3-B442-4D94F78D80A7}.Debug|Any CPU.ActiveCfg = Debug|Any CPU
		{FA16D362-B1CC-45E3-B442-4D94F78D80A7}.Debug|Any CPU.Build.0 = Debug|Any CPU
		{FA16D362-B1CC-45E3-B442-4D94F78D80A7}.Release|Any CPU.ActiveCfg = Release|Any CPU
		{FA16D362-B1CC-45E3-B442-4D94F78D80A7}.Release|Any CPU.Build.0 = Release|Any CPU
	EndGlobalSection
	GlobalSection(SolutionProperties) = preSolution
		HideSolutionNode = FALSE
	EndGlobalSection
	GlobalSection(ExtensibilityGlobals) = postSolution
		SolutionGuid = {4E759018-B39B-4C92-B832-A866D4937D94}
	EndGlobalSection
EndGlobal
