
Microsoft Visual Studio Solution File, Format Version 12.00
# Visual Studio Version 17
VisualStudioVersion = 17.12.35506.116 d17.12
MinimumVisualStudioVersion = 10.0.40219.1
Project("{FAE04EC0-301F-11D3-BF4B-00C04F79EFBC}") = "Ej4PreparacionExamen", "Ej4PreparacionExamen\Ej4PreparacionExamen.csproj", "{92542934-2668-46C0-BC46-A8FB891F5487}"
EndProject
Global
	GlobalSection(SolutionConfigurationPlatforms) = preSolution
		Debug|Any CPU = Debug|Any CPU
		Release|Any CPU = Release|Any CPU
	EndGlobalSection
	GlobalSection(ProjectConfigurationPlatforms) = postSolution
		{92542934-2668-46C0-BC46-A8FB891F5487}.Debug|Any CPU.ActiveCfg = Debug|Any CPU
		{92542934-2668-46C0-BC46-A8FB891F5487}.Debug|Any CPU.Build.0 = Debug|Any CPU
		{92542934-2668-46C0-BC46-A8FB891F5487}.Release|Any CPU.ActiveCfg = Release|Any CPU
		{92542934-2668-46C0-BC46-A8FB891F5487}.Release|Any CPU.Build.0 = Release|Any CPU
	EndGlobalSection
	GlobalSection(SolutionProperties) = preSolution
		HideSolutionNode = FALSE
	EndGlobalSection
EndGlobal
