
Microsoft Visual Studio Solution File, Format Version 12.00
# Visual Studio Version 17
VisualStudioVersion = 17.12.35506.116 d17.12
MinimumVisualStudioVersion = 10.0.40219.1
Project("{FAE04EC0-301F-11D3-BF4B-00C04F79EFBC}") = "Ej3PreparacionExamen", "Ej3PreparacionExamen\Ej3PreparacionExamen.csproj", "{631377B0-546B-4AD7-98FF-A10037C8A86A}"
EndProject
Global
	GlobalSection(SolutionConfigurationPlatforms) = preSolution
		Debug|Any CPU = Debug|Any CPU
		Release|Any CPU = Release|Any CPU
	EndGlobalSection
	GlobalSection(ProjectConfigurationPlatforms) = postSolution
		{631377B0-546B-4AD7-98FF-A10037C8A86A}.Debug|Any CPU.ActiveCfg = Debug|Any CPU
		{631377B0-546B-4AD7-98FF-A10037C8A86A}.Debug|Any CPU.Build.0 = Debug|Any CPU
		{631377B0-546B-4AD7-98FF-A10037C8A86A}.Release|Any CPU.ActiveCfg = Release|Any CPU
		{631377B0-546B-4AD7-98FF-A10037C8A86A}.Release|Any CPU.Build.0 = Release|Any CPU
	EndGlobalSection
	GlobalSection(SolutionProperties) = preSolution
		HideSolutionNode = FALSE
	EndGlobalSection
EndGlobal
